
Microsoft Visual Studio Solution File, Format Version 12.00
# Visual Studio Version 17
VisualStudioVersion = 17.8.34309.116
MinimumVisualStudioVersion = 10.0.40219.1
Project("{9A19103F-16F7-4668-BE54-9A1E7A4F7556}") = "VPCT.Repositories", "VPCT.Repositories\VPCT.Repositories.csproj", "{05A91143-6D5F-4F15-A02C-21DF015BC514}"
EndProject
Project("{9A19103F-16F7-4668-BE54-9A1E7A4F7556}") = "VPCT.Core", "VPCT.Core\VPCT.Core.csproj", "{17797C95-51B4-44AB-B6D4-6F757853D986}"
EndProject
Project("{FAE04EC0-301F-11D3-BF4B-00C04F79EFBC}") = "VPCTWebsiteAPI", "VPCTWebsiteAPI\VPCTWebsiteAPI.csproj", "{CAB24AC7-2E2F-468B-AF58-E49B216AE45F}"
EndProject
Global
	GlobalSection(SolutionConfigurationPlatforms) = preSolution
		Debug|Any CPU = Debug|Any CPU
		Release|Any CPU = Release|Any CPU
	EndGlobalSection
	GlobalSection(ProjectConfigurationPlatforms) = postSolution
		{05A91143-6D5F-4F15-A02C-21DF015BC514}.Debug|Any CPU.ActiveCfg = Debug|Any CPU
		{05A91143-6D5F-4F15-A02C-21DF015BC514}.Debug|Any CPU.Build.0 = Debug|Any CPU
		{05A91143-6D5F-4F15-A02C-21DF015BC514}.Release|Any CPU.ActiveCfg = Release|Any CPU
		{05A91143-6D5F-4F15-A02C-21DF015BC514}.Release|Any CPU.Build.0 = Release|Any CPU
		{17797C95-51B4-44AB-B6D4-6F757853D986}.Debug|Any CPU.ActiveCfg = Debug|Any CPU
		{17797C95-51B4-44AB-B6D4-6F757853D986}.Debug|Any CPU.Build.0 = Debug|Any CPU
		{17797C95-51B4-44AB-B6D4-6F757853D986}.Release|Any CPU.ActiveCfg = Release|Any CPU
		{17797C95-51B4-44AB-B6D4-6F757853D986}.Release|Any CPU.Build.0 = Release|Any CPU
		{CAB24AC7-2E2F-468B-AF58-E49B216AE45F}.Debug|Any CPU.ActiveCfg = Debug|Any CPU
		{CAB24AC7-2E2F-468B-AF58-E49B216AE45F}.Debug|Any CPU.Build.0 = Debug|Any CPU
		{CAB24AC7-2E2F-468B-AF58-E49B216AE45F}.Release|Any CPU.ActiveCfg = Release|Any CPU
		{CAB24AC7-2E2F-468B-AF58-E49B216AE45F}.Release|Any CPU.Build.0 = Release|Any CPU
	EndGlobalSection
	GlobalSection(SolutionProperties) = preSolution
		HideSolutionNode = FALSE
	EndGlobalSection
	GlobalSection(ExtensibilityGlobals) = postSolution
		SolutionGuid = {461DE329-E464-4C5F-951F-1977D83B6BAC}
	EndGlobalSection
EndGlobal
